
Microsoft Visual Studio Solution File, Format Version 12.00
# Visual Studio Version 17
VisualStudioVersion = 17.4.33213.308
MinimumVisualStudioVersion = 10.0.40219.1
Project("{8BC9CEB8-8B4A-11D0-8D11-00A0C91BC942}") = "Sarcina-Informatica-16-1-2023", "Sarcina-Informatica-16-1-2023\Sarcina-Informatica-16-1-2023.vcxproj", "{297A9DA9-0A01-4751-9785-5795933806D8}"
EndProject
Global
	GlobalSection(SolutionConfigurationPlatforms) = preSolution
		Debug|x64 = Debug|x64
		Debug|x86 = Debug|x86
		Release|x64 = Release|x64
		Release|x86 = Release|x86
	EndGlobalSection
	GlobalSection(ProjectConfigurationPlatforms) = postSolution
		{297A9DA9-0A01-4751-9785-5795933806D8}.Debug|x64.ActiveCfg = Debug|x64
		{297A9DA9-0A01-4751-9785-5795933806D8}.Debug|x64.Build.0 = Debug|x64
		{297A9DA9-0A01-4751-9785-5795933806D8}.Debug|x86.ActiveCfg = Debug|Win32
		{297A9DA9-0A01-4751-9785-5795933806D8}.Debug|x86.Build.0 = Debug|Win32
		{297A9DA9-0A01-4751-9785-5795933806D8}.Release|x64.ActiveCfg = Release|x64
		{297A9DA9-0A01-4751-9785-5795933806D8}.Release|x64.Build.0 = Release|x64
		{297A9DA9-0A01-4751-9785-5795933806D8}.Release|x86.ActiveCfg = Release|Win32
		{297A9DA9-0A01-4751-9785-5795933806D8}.Release|x86.Build.0 = Release|Win32
	EndGlobalSection
	GlobalSection(SolutionProperties) = preSolution
		HideSolutionNode = FALSE
	EndGlobalSection
	GlobalSection(ExtensibilityGlobals) = postSolution
		SolutionGuid = {0214691D-A998-4A17-A711-2CFCF173B51A}
	EndGlobalSection
EndGlobal
